
Microsoft Visual Studio Solution File, Format Version 12.00
# Visual Studio 15
VisualStudioVersion = 15.0.28307.1525
MinimumVisualStudioVersion = 10.0.40219.1
Project("{8BC9CEB8-8B4A-11D0-8D11-00A0C91BC942}") = "MinServer 3", "MinServer 3\MinServer 3.vcxproj", "{2795BEBC-45CA-4518-9212-B36A22FA8852}"
	ProjectSection(ProjectDependencies) = postProject
		{3E59B689-40BD-4A8D-9669-93D2E0142B37} = {3E59B689-40BD-4A8D-9669-93D2E0142B37}
		{449CD5DD-3989-4A5A-A13F-EF4F3FADF607} = {449CD5DD-3989-4A5A-A13F-EF4F3FADF607}
	EndProjectSection
EndProject
Project("{8BC9CEB8-8B4A-11D0-8D11-00A0C91BC942}") = "Default", "Default\Default.vcxproj", "{449CD5DD-3989-4A5A-A13F-EF4F3FADF607}"
EndProject
Project("{8BC9CEB8-8B4A-11D0-8D11-00A0C91BC942}") = "Services", "Services\Services.vcxproj", "{3E59B689-40BD-4A8D-9669-93D2E0142B37}"
EndProject
Project("{2150E333-8FDC-42A3-9474-1A3956D46DE8}") = "Solution Items", "Solution Items", "{4A97AFF6-7373-4BB3-8049-6536992B5D0D}"
	ProjectSection(SolutionItems) = preProject
		README.md = README.md
	EndProjectSection
EndProject
Global
	GlobalSection(SolutionConfigurationPlatforms) = preSolution
		Debug|x64 = Debug|x64
		Debug|x86 = Debug|x86
		Release|x64 = Release|x64
		Release|x86 = Release|x86
	EndGlobalSection
	GlobalSection(ProjectConfigurationPlatforms) = postSolution
		{2795BEBC-45CA-4518-9212-B36A22FA8852}.Debug|x64.ActiveCfg = Debug|x64
		{2795BEBC-45CA-4518-9212-B36A22FA8852}.Debug|x64.Build.0 = Debug|x64
		{2795BEBC-45CA-4518-9212-B36A22FA8852}.Debug|x86.ActiveCfg = Debug|Win32
		{2795BEBC-45CA-4518-9212-B36A22FA8852}.Debug|x86.Build.0 = Debug|Win32
		{2795BEBC-45CA-4518-9212-B36A22FA8852}.Release|x64.ActiveCfg = Release|x64
		{2795BEBC-45CA-4518-9212-B36A22FA8852}.Release|x64.Build.0 = Release|x64
		{2795BEBC-45CA-4518-9212-B36A22FA8852}.Release|x86.ActiveCfg = Release|Win32
		{2795BEBC-45CA-4518-9212-B36A22FA8852}.Release|x86.Build.0 = Release|Win32
		{449CD5DD-3989-4A5A-A13F-EF4F3FADF607}.Debug|x64.ActiveCfg = Debug|x64
		{449CD5DD-3989-4A5A-A13F-EF4F3FADF607}.Debug|x64.Build.0 = Debug|x64
		{449CD5DD-3989-4A5A-A13F-EF4F3FADF607}.Debug|x86.ActiveCfg = Debug|Win32
		{449CD5DD-3989-4A5A-A13F-EF4F3FADF607}.Debug|x86.Build.0 = Debug|Win32
		{449CD5DD-3989-4A5A-A13F-EF4F3FADF607}.Release|x64.ActiveCfg = Release|x64
		{449CD5DD-3989-4A5A-A13F-EF4F3FADF607}.Release|x64.Build.0 = Release|x64
		{449CD5DD-3989-4A5A-A13F-EF4F3FADF607}.Release|x86.ActiveCfg = Release|Win32
		{449CD5DD-3989-4A5A-A13F-EF4F3FADF607}.Release|x86.Build.0 = Release|Win32
		{3E59B689-40BD-4A8D-9669-93D2E0142B37}.Debug|x64.ActiveCfg = Debug|x64
		{3E59B689-40BD-4A8D-9669-93D2E0142B37}.Debug|x64.Build.0 = Debug|x64
		{3E59B689-40BD-4A8D-9669-93D2E0142B37}.Debug|x86.ActiveCfg = Debug|Win32
		{3E59B689-40BD-4A8D-9669-93D2E0142B37}.Debug|x86.Build.0 = Debug|Win32
		{3E59B689-40BD-4A8D-9669-93D2E0142B37}.Release|x64.ActiveCfg = Release|x64
		{3E59B689-40BD-4A8D-9669-93D2E0142B37}.Release|x64.Build.0 = Release|x64
		{3E59B689-40BD-4A8D-9669-93D2E0142B37}.Release|x86.ActiveCfg = Release|Win32
		{3E59B689-40BD-4A8D-9669-93D2E0142B37}.Release|x86.Build.0 = Release|Win32
	EndGlobalSection
	GlobalSection(SolutionProperties) = preSolution
		HideSolutionNode = FALSE
	EndGlobalSection
	GlobalSection(ExtensibilityGlobals) = postSolution
		SolutionGuid = {8C345416-0956-4512-9E69-4D989ED75E8E}
	EndGlobalSection
EndGlobal
